// !$*UTF8*$!
{
	archiveVersion = 1;
	classes = {
	};
	objectVersion = 46;
	objects = {

/* Begin PBXBuildFile section */
		380EBAB71AC59ABD003214DF /* calcButton.swift in Sources */ = {isa = PBXBuildFile; fileRef = 380EBAB61AC59ABD003214DF /* calcButton.swift */; };
		386A4D771ABCD8EB00BE06B2 /* AppDelegate.swift in Sources */ = {isa = PBXBuildFile; fileRef = 386A4D761ABCD8EB00BE06B2 /* AppDelegate.swift */; };
		386A4D791ABCD8EB00BE06B2 /* ViewController.swift in Sources */ = {isa = PBXBuildFile; fileRef = 386A4D781ABCD8EB00BE06B2 /* ViewController.swift */; };
		386A4D7C1ABCD8EB00BE06B2 /* Main.storyboard in Resources */ = {isa = PBXBuildFile; fileRef = 386A4D7A1ABCD8EB00BE06B2 /* Main.storyboard */; };
		386A4D7E1ABCD8EB00BE06B2 /* Images.xcassets in Resources */ = {isa = PBXBuildFile; fileRef = 386A4D7D1ABCD8EB00BE06B2 /* Images.xcassets */; };
		386A4D811ABCD8EC00BE06B2 /* LaunchScreen.xib in Resources */ = {isa = PBXBuildFile; fileRef = 386A4D7F1ABCD8EC00BE06B2 /* LaunchScreen.xib */; };
		386A4D8D1ABCD8EC00BE06B2 /* CalculatorTests.swift in Sources */ = {isa = PBXBuildFile; fileRef = 386A4D8C1ABCD8EC00BE06B2 /* CalculatorTests.swift */; };
		38AE41AF1AC9B8D400E3DD68 /* CalcDisplay.swift in Sources */ = {isa = PBXBuildFile; fileRef = 38AE41AE1AC9B8D400E3DD68 /* CalcDisplay.swift */; };
/* End PBXBuildFile section */

/* Begin PBXContainerItemProxy section */
		386A4D871ABCD8EC00BE06B2 /* PBXContainerItemProxy */ = {
			isa = PBXContainerItemProxy;
			containerPortal = 386A4D691ABCD8EB00BE06B2 /* Project object */;
			proxyType = 1;
			remoteGlobalIDString = 386A4D701ABCD8EB00BE06B2;
			remoteInfo = Calculator;
		};
/* End PBXContainerItemProxy section */

/* Begin PBXFileReference section */
		380EBAB61AC59ABD003214DF /* calcButton.swift */ = {isa = PBXFileReference; fileEncoding = 4; lastKnownFileType = sourcecode.swift; path = calcButton.swift; sourceTree = "<group>"; };
		386A4D711ABCD8EB00BE06B2 /* Calculator.app */ = {isa = PBXFileReference; explicitFileType = wrapper.application; includeInIndex = 0; path = Calculator.app; sourceTree = BUILT_PRODUCTS_DIR; };
		386A4D751ABCD8EB00BE06B2 /* Info.plist */ = {isa = PBXFileReference; lastKnownFileType = text.plist.xml; path = Info.plist; sourceTree = "<group>"; };
		386A4D761ABCD8EB00BE06B2 /* AppDelegate.swift */ = {isa = PBXFileReference; lastKnownFileType = sourcecode.swift; path = AppDelegate.swift; sourceTree = "<group>"; };
		386A4D781ABCD8EB00BE06B2 /* ViewController.swift */ = {isa = PBXFileReference; lastKnownFileType = sourcecode.swift; path = ViewController.swift; sourceTree = "<group>"; };
		386A4D7B1ABCD8EB00BE06B2 /* Base */ = {isa = PBXFileReference; lastKnownFileType = file.storyboard; name = Base; path = Base.lproj/Main.storyboard; sourceTree = "<group>"; };
		386A4D7D1ABCD8EB00BE06B2 /* Images.xcassets */ = {isa = PBXFileReference; lastKnownFileType = folder.assetcatalog; path = Images.xcassets; sourceTree = "<group>"; };
		386A4D801ABCD8EC00BE06B2 /* Base */ = {isa = PBXFileReference; lastKnownFileType = file.xib; name = Base; path = Base.lproj/LaunchScreen.xib; sourceTree = "<group>"; };
		386A4D861ABCD8EC00BE06B2 /* CalculatorTests.xctest */ = {isa = PBXFileReference; explicitFileType = wrapper.cfbundle; includeInIndex = 0; path = CalculatorTests.xctest; sourceTree = BUILT_PRODUCTS_DIR; };
		386A4D8B1ABCD8EC00BE06B2 /* Info.plist */ = {isa = PBXFileReference; lastKnownFileType = text.plist.xml; path = Info.plist; sourceTree = "<group>"; };
		386A4D8C1ABCD8EC00BE06B2 /* CalculatorTests.swift */ = {isa = PBXFileReference; lastKnownFileType = sourcecode.swift; path = CalculatorTests.swift; sourceTree = "<group>"; };
		38AE41AE1AC9B8D400E3DD68 /* CalcDisplay.swift */ = {isa = PBXFileReference; fileEncoding = 4; lastKnownFileType = sourcecode.swift; path = CalcDisplay.swift; sourceTree = "<group>"; };
/* End PBXFileReference section */

/* Begin PBXFrameworksBuildPhase section */
		386A4D6E1ABCD8EB00BE06B2 /* Frameworks */ = {
			isa = PBXFrameworksBuildPhase;
			buildActionMask = 2147483647;
			files = (
			);
			runOnlyForDeploymentPostprocessing = 0;
		};
		386A4D831ABCD8EC00BE06B2 /* Frameworks */ = {
			isa = PBXFrameworksBuildPhase;
			buildActionMask = 2147483647;
			files = (
			);
			runOnlyForDeploymentPostprocessing = 0;
		};
/* End PBXFrameworksBuildPhase section */

/* Begin PBXGroup section */
		386A4D681ABCD8EB00BE06B2 = {
			isa = PBXGroup;
			children = (
				386A4D731ABCD8EB00BE06B2 /* Calculator */,
				386A4D891ABCD8EC00BE06B2 /* CalculatorTests */,
				386A4D721ABCD8EB00BE06B2 /* Products */,
			);
			sourceTree = "<group>";
		};
		386A4D721ABCD8EB00BE06B2 /* Products */ = {
			isa = PBXGroup;
			children = (
				386A4D711ABCD8EB00BE06B2 /* Calculator.app */,
				386A4D861ABCD8EC00BE06B2 /* CalculatorTests.xctest */,
			);
			name = Products;
			sourceTree = "<group>";
		};
		386A4D731ABCD8EB00BE06B2 /* Calculator */ = {
			isa = PBXGroup;
			children = (
				386A4D761ABCD8EB00BE06B2 /* AppDelegate.swift */,
				380EBAB61AC59ABD003214DF /* calcButton.swift */,
				386A4D781ABCD8EB00BE06B2 /* ViewController.swift */,
				38AE41AE1AC9B8D400E3DD68 /* CalcDisplay.swift */,
				386A4D7A1ABCD8EB00BE06B2 /* Main.storyboard */,
				386A4D7D1ABCD8EB00BE06B2 /* Images.xcassets */,
				386A4D7F1ABCD8EC00BE06B2 /* LaunchScreen.xib */,
				386A4D741ABCD8EB00BE06B2 /* Supporting Files */,
			);
			path = Calculator;
			sourceTree = "<group>";
		};
		386A4D741ABCD8EB00BE06B2 /* Supporting Files */ = {
			isa = PBXGroup;
			children = (
				386A4D751ABCD8EB00BE06B2 /* Info.plist */,
			);
			name = "Supporting Files";
			sourceTree = "<group>";
		};
		386A4D891ABCD8EC00BE06B2 /* CalculatorTests */ = {
			isa = PBXGroup;
			children = (
				386A4D8C1ABCD8EC00BE06B2 /* CalculatorTests.swift */,
				386A4D8A1ABCD8EC00BE06B2 /* Supporting Files */,
			);
			path = CalculatorTests;
			sourceTree = "<group>";
		};
		386A4D8A1ABCD8EC00BE06B2 /* Supporting Files */ = {
			isa = PBXGroup;
			children = (
				386A4D8B1ABCD8EC00BE06B2 /* Info.plist */,
			);
			name = "Supporting Files";
			sourceTree = "<group>";
		};
/* End PBXGroup section */

/* Begin PBXNativeTarget section */
		386A4D701ABCD8EB00BE06B2 /* Calculator */ = {
			isa = PBXNativeTarget;
			buildConfigurationList = 386A4D901ABCD8EC00BE06B2 /* Build configuration list for PBXNativeTarget "Calculator" */;
			buildPhases = (
				386A4D6D1ABCD8EB00BE06B2 /* Sources */,
				386A4D6E1ABCD8EB00BE06B2 /* Frameworks */,
				386A4D6F1ABCD8EB00BE06B2 /* Resources */,
			);
			buildRules = (
			);
			dependencies = (
			);
			name = Calculator;
			productName = Calculator;
			productReference = 386A4D711ABCD8EB00BE06B2 /* Calculator.app */;
			productType = "com.apple.product-type.application";
		};
		386A4D851ABCD8EC00BE06B2 /* CalculatorTests */ = {
			isa = PBXNativeTarget;
			buildConfigurationList = 386A4D931ABCD8EC00BE06B2 /* Build configuration list for PBXNativeTarget "CalculatorTests" */;
			buildPhases = (
				386A4D821ABCD8EC00BE06B2 /* Sources */,
				386A4D831ABCD8EC00BE06B2 /* Frameworks */,
				386A4D841ABCD8EC00BE06B2 /* Resources */,
			);
			buildRules = (
			);
			dependencies = (
				386A4D881ABCD8EC00BE06B2 /* PBXTargetDependency */,
			);
			name = CalculatorTests;
			productName = CalculatorTests;
			productReference = 386A4D861ABCD8EC00BE06B2 /* CalculatorTests.xctest */;
			productType = "com.apple.product-type.bundle.unit-test";
		};
/* End PBXNativeTarget section */

/* Begin PBXProject section */
		386A4D691ABCD8EB00BE06B2 /* Project object */ = {
			isa = PBXProject;
			attributes = {
				LastUpgradeCheck = 0620;
				ORGANIZATIONNAME = katrinadv;
				TargetAttributes = {
					386A4D701ABCD8EB00BE06B2 = {
						CreatedOnToolsVersion = 6.2;
					};
					386A4D851ABCD8EC00BE06B2 = {
						CreatedOnToolsVersion = 6.2;
						TestTargetID = 386A4D701ABCD8EB00BE06B2;
					};
				};
			};
			buildConfigurationList = 386A4D6C1ABCD8EB00BE06B2 /* Build configuration list for PBXProject "Calculator" */;
			compatibilityVersion = "Xcode 3.2";
			developmentRegion = English;
			hasScannedForEncodings = 0;
			knownRegions = (
				en,
				Base,
			);
			mainGroup = 386A4D681ABCD8EB00BE06B2;
			productRefGroup = 386A4D721ABCD8EB00BE06B2 /* Products */;
			projectDirPath = "";
			projectRoot = "";
			targets = (
				386A4D701ABCD8EB00BE06B2 /* Calculator */,
				386A4D851ABCD8EC00BE06B2 /* CalculatorTests */,
			);
		};
/* End PBXProject section */

/* Begin PBXResourcesBuildPhase section */
		386A4D6F1ABCD8EB00BE06B2 /* Resources */ = {
			isa = PBXResourcesBuildPhase;
			buildActionMask = 2147483647;
			files = (
				386A4D7C1ABCD8EB00BE06B2 /* Main.storyboard in Resources */,
				386A4D811ABCD8EC00BE06B2 /* LaunchScreen.xib in Resources */,
				386A4D7E1ABCD8EB00BE06B2 /* Images.xcassets in Resources */,
			);
			runOnlyForDeploymentPostprocessing = 0;
		};
		386A4D841ABCD8EC00BE06B2 /* Resources */ = {
			isa = PBXResourcesBuildPhase;
			buildActionMask = 2147483647;
			files = (
			);
			runOnlyForDeploymentPostprocessing = 0;
		};
/* End PBXResourcesBuildPhase section */

/* Begin PBXSourcesBuildPhase section */
		386A4D6D1ABCD8EB00BE06B2 /* Sources */ = {
			isa = PBXSourcesBuildPhase;
			buildActionMask = 2147483647;
			files = (
				386A4D791ABCD8EB00BE06B2 /* ViewController.swift in Sources */,
				38AE41AF1AC9B8D400E3DD68 /* CalcDisplay.swift in Sources */,
				386A4D771ABCD8EB00BE06B2 /* AppDelegate.swift in Sources */,
				380EBAB71AC59ABD003214DF /* calcButton.swift in Sources */,
			);
			runOnlyForDeploymentPostprocessing = 0;
		};
		386A4D821ABCD8EC00BE06B2 /* Sources */ = {
			isa = PBXSourcesBuildPhase;
			buildActionMask = 2147483647;
			files = (
				386A4D8D1ABCD8EC00BE06B2 /* CalculatorTests.swift in Sources */,
			);
			runOnlyForDeploymentPostprocessing = 0;
		};
/* End PBXSourcesBuildPhase section */

/* Begin PBXTargetDependency section */
		386A4D881ABCD8EC00BE06B2 /* PBXTargetDependency */ = {
			isa = PBXTargetDependency;
			target = 386A4D701ABCD8EB00BE06B2 /* Calculator */;
			targetProxy = 386A4D871ABCD8EC00BE06B2 /* PBXContainerItemProxy */;
		};
/* End PBXTargetDependency section */

/* Begin PBXVariantGroup section */
		386A4D7A1ABCD8EB00BE06B2 /* Main.storyboard */ = {
			isa = PBXVariantGroup;
			children = (
				386A4D7B1ABCD8EB00BE06B2 /* Base */,
			);
			name = Main.storyboard;
			sourceTree = "<group>";
		};
		386A4D7F1ABCD8EC00BE06B2 /* LaunchScreen.xib */ = {
			isa = PBXVariantGroup;
			children = (
				386A4D801ABCD8EC00BE06B2 /* Base */,
			);
			name = LaunchScreen.xib;
			sourceTree = "<group>";
		};
/* End PBXVariantGroup section */

/* Begin XCBuildConfiguration section */
		386A4D8E1ABCD8EC00BE06B2 /* Debug */ = {
			isa = XCBuildConfiguration;
			buildSettings = {
				ALWAYS_SEARCH_USER_PATHS = NO;
				CLANG_CXX_LANGUAGE_STANDARD = "gnu++0x";
				CLANG_CXX_LIBRARY = "libc++";
				CLANG_ENABLE_MODULES = YES;
				CLANG_ENABLE_OBJC_ARC = YES;
				CLANG_WARN_BOOL_CONVERSION = YES;
				CLANG_WARN_CONSTANT_CONVERSION = YES;
				CLANG_WARN_DIRECT_OBJC_ISA_USAGE = YES_ERROR;
				CLANG_WARN_EMPTY_BODY = YES;
				CLANG_WARN_ENUM_CONVERSION = YES;
				CLANG_WARN_INT_CONVERSION = YES;
				CLANG_WARN_OBJC_ROOT_CLASS = YES_ERROR;
				CLANG_WARN_UNREACHABLE_CODE = YES;
				CLANG_WARN__DUPLICATE_METHOD_MATCH = YES;
				"CODE_SIGN_IDENTITY[sdk=iphoneos*]" = "iPhone Developer";
				COPY_PHASE_STRIP = NO;
				ENABLE_STRICT_OBJC_MSGSEND = YES;
				GCC_C_LANGUAGE_STANDARD = gnu99;
				GCC_DYNAMIC_NO_PIC = NO;
				GCC_OPTIMIZATION_LEVEL = 0;
				GCC_PREPROCESSOR_DEFINITIONS = (
					"DEBUG=1",
					"$(inherited)",
				);
				GCC_SYMBOLS_PRIVATE_EXTERN = NO;
				GCC_WARN_64_TO_32_BIT_CONVERSION = YES;
				GCC_WARN_ABOUT_RETURN_TYPE = YES_ERROR;
				GCC_WARN_UNDECLARED_SELECTOR = YES;
				GCC_WARN_UNINITIALIZED_AUTOS = YES_AGGRESSIVE;
				GCC_WARN_UNUSED_FUNCTION = YES;
				GCC_WARN_UNUSED_VARIABLE = YES;
				IPHONEOS_DEPLOYMENT_TARGET = 8.2;
				MTL_ENABLE_DEBUG_INFO = YES;
				ONLY_ACTIVE_ARCH = YES;
				SDKROOT = iphoneos;
				SWIFT_OPTIMIZATION_LEVEL = "-Onone";
			};
			name = Debug;
		};
		386A4D8F1ABCD8EC00BE06B2 /* Release */ = {
			isa = XCBuildConfiguration;
			buildSettings = {
				ALWAYS_SEARCH_USER_PATHS = NO;
				CLANG_CXX_LANGUAGE_STANDARD = "gnu++0x";
				CLANG_CXX_LIBRARY = "libc++";
				CLANG_ENABLE_MODULES = YES;
				CLANG_ENABLE_OBJC_ARC = YES;
				CLANG_WARN_BOOL_CONVERSION = YES;
				CLANG_WARN_CONSTANT_CONVERSION = YES;
				CLANG_WARN_DIRECT_OBJC_ISA_USAGE = YES_ERROR;
				CLANG_WARN_EMPTY_BODY = YES;
				CLANG_WARN_ENUM_CONVERSION = YES;
				CLANG_WARN_INT_CONVERSION = YES;
				CLANG_WARN_OBJC_ROOT_CLASS = YES_ERROR;
				CLANG_WARN_UNREACHABLE_CODE = YES;
				CLANG_WARN__DUPLICATE_METHOD_MATCH = YES;
				"CODE_SIGN_IDENTITY[sdk=iphoneos*]" = "iPhone Developer";
				COPY_PHASE_STRIP = NO;
				ENABLE_NS_ASSERTIONS = NO;
				ENABLE_STRICT_OBJC_MSGSEND = YES;
				GCC_C_LANGUAGE_STANDARD = gnu99;
				GCC_WARN_64_TO_32_BIT_CONVERSION = YES;
				GCC_WARN_ABOUT_RETURN_TYPE = YES_ERROR;
				GCC_WARN_UNDECLARED_SELECTOR = YES;
				GCC_WARN_UNINITIALIZED_AUTOS = YES_AGGRESSIVE;
				GCC_WARN_UNUSED_FUNCTION = YES;
				GCC_WARN_UNUSED_VARIABLE = YES;
				IPHONEOS_DEPLOYMENT_TARGET = 8.2;
				MTL_ENABLE_DEBUG_INFO = NO;
				SDKROOT = iphoneos;
				VALIDATE_PRODUCT = YES;
			};
			name = Release;
		};
		386A4D911ABCD8EC00BE06B2 /* Debug */ = {
			isa = XCBuildConfiguration;
			buildSettings = {
				ASSETCATALOG_COMPILER_APPICON_NAME = AppIcon;
				INFOPLIST_FILE = Calculator/Info.plist;
				LD_RUNPATH_SEARCH_PATHS = "$(inherited) @executable_path/Frameworks";
				PRODUCT_NAME = "$(TARGET_NAME)";
			};
			name = Debug;
		};
		386A4D921ABCD8EC00BE06B2 /* Release */ = {
			isa = XCBuildConfiguration;
			buildSettings = {
				ASSETCATALOG_COMPILER_APPICON_NAME = AppIcon;
				INFOPLIST_FILE = Calculator/Info.plist;
				LD_RUNPATH_SEARCH_PATHS = "$(inherited) @executable_path/Frameworks";
				PRODUCT_NAME = "$(TARGET_NAME)";
			};
			name = Release;
		};
		386A4D941ABCD8EC00BE06B2 /* Debug */ = {
			isa = XCBuildConfiguration;
			buildSettings = {
				BUNDLE_LOADER = "$(TEST_HOST)";
				FRAMEWORK_SEARCH_PATHS = (
					"$(SDKROOT)/Developer/Library/Frameworks",
					"$(inherited)",
				);
				GCC_PREPROCESSOR_DEFINITIONS = (
					"DEBUG=1",
					"$(inherited)",
				);
				INFOPLIST_FILE = CalculatorTests/Info.plist;
				LD_RUNPATH_SEARCH_PATHS = "$(inherited) @executable_path/Frameworks @loader_path/Frameworks";
				PRODUCT_NAME = "$(TARGET_NAME)";
				TEST_HOST = "$(BUILT_PRODUCTS_DIR)/Calculator.app/Calculator";
			};
			name = Debug;
		};
		386A4D951ABCD8EC00BE06B2 /* Release */ = {
			isa = XCBuildConfiguration;
			buildSettings = {
				BUNDLE_LOADER = "$(TEST_HOST)";
				FRAMEWORK_SEARCH_PATHS = (
					"$(SDKROOT)/Developer/Library/Frameworks",
					"$(inherited)",
				);
				INFOPLIST_FILE = CalculatorTests/Info.plist;
				LD_RUNPATH_SEARCH_PATHS = "$(inherited) @executable_path/Frameworks @loader_path/Frameworks";
				PRODUCT_NAME = "$(TARGET_NAME)";
				TEST_HOST = "$(BUILT_PRODUCTS_DIR)/Calculator.app/Calculator";
			};
			name = Release;
		};
/* End XCBuildConfiguration section */

/* Begin XCConfigurationList section */
		386A4D6C1ABCD8EB00BE06B2 /* Build configuration list for PBXProject "Calculator" */ = {
			isa = XCConfigurationList;
			buildConfigurations = (
				386A4D8E1ABCD8EC00BE06B2 /* Debug */,
				386A4D8F1ABCD8EC00BE06B2 /* Release */,
			);
			defaultConfigurationIsVisible = 0;
			defaultConfigurationName = Release;
		};
		386A4D901ABCD8EC00BE06B2 /* Build configuration list for PBXNativeTarget "Calculator" */ = {
			isa = XCConfigurationList;
			buildConfigurations = (
				386A4D911ABCD8EC00BE06B2 /* Debug */,
				386A4D921ABCD8EC00BE06B2 /* Release */,
			);
			defaultConfigurationIsVisible = 0;
			defaultConfigurationName = Release;
		};
		386A4D931ABCD8EC00BE06B2 /* Build configuration list for PBXNativeTarget "CalculatorTests" */ = {
			isa = XCConfigurationList;
			buildConfigurations = (
				386A4D941ABCD8EC00BE06B2 /* Debug */,
				386A4D951ABCD8EC00BE06B2 /* Release */,
			);
			defaultConfigurationIsVisible = 0;
			defaultConfigurationName = Release;
		};
/* End XCConfigurationList section */
	};
	rootObject = 386A4D691ABCD8EB00BE06B2 /* Project object */;
}
